<?xml version="1.0" encoding="utf-8"?>
<Project ToolsVersion="4.0" xmlns="http://schemas.microsoft.com/developer/msbuild/2003">
  <ItemGroup>
    <Filter Include="Source Files">
      <UniqueIdentifier>{4FC737F1-C7A5-4376-A066-2A32D752A2FF}</UniqueIdentifier>
      <Extensions>cpp;c;cc;cxx;def;odl;idl;hpj;bat;asm;asmx</Extensions>
    </Filter>
    <Filter Include="Source Files\detections">
      <UniqueIdentifier>{dbad0024-c056-4ee5-9b12-c5019c972685}</UniqueIdentifier>
    </Filter>
    <Filter Include="Source Files\utility">
      <UniqueIdentifier>{fc2c1a04-fa3f-4b5c-9d52-3c4b4100cd2f}</UniqueIdentifier>
    </Filter>
    <Filter Include="Source Files\utility\win">
      <UniqueIdentifier>{5c1b2101-9c48-4a6e-afd3-74bf28a537fa}</UniqueIdentifier>
    </Filter>
    <Filter Include="Source Files\utility\safety_net">
      <UniqueIdentifier>{08e02b5a-1178-494f-8cbe-8c306169c3d7}</UniqueIdentifier>
    </Filter>
    <Filter Include="Source Files\utility\physmem">
      <UniqueIdentifier>{3a8a4140-528b-457f-a7e1-fc68462d3f12}</UniqueIdentifier>
    </Filter>
    <Filter Include="Source Files\includes">
      <UniqueIdentifier>{6ad3315e-0c5d-458e-b6af-a5ece93a9878}</UniqueIdentifier>
    </Filter>
  </ItemGroup>
  <ItemGroup>
    <ClCompile Include="main.cpp">
      <Filter>Source Files</Filter>
    </ClCompile>
    <ClCompile Include="utility\physmem\physmem.cpp">
      <Filter>Source Files\utility\physmem</Filter>
    </ClCompile>
    <ClCompile Include="utility\safety_net\safety_net.cpp">
      <Filter>Source Files\utility\safety_net</Filter>
    </ClCompile>
    <ClCompile Include="utility\win\win.cpp">
      <Filter>Source Files\utility\win</Filter>
    </ClCompile>
    <ClCompile Include="detections\idt.cpp">
      <Filter>Source Files\detections</Filter>
    </ClCompile>
  </ItemGroup>
  <ItemGroup>
    <ClInclude Include="utility\physmem\page_table_helpers.hpp">
      <Filter>Source Files\utility\physmem</Filter>
    </ClInclude>
    <ClInclude Include="utility\physmem\physmem.hpp">
      <Filter>Source Files\utility\physmem</Filter>
    </ClInclude>
    <ClInclude Include="utility\physmem\physmem_structs.hpp">
      <Filter>Source Files\utility\physmem</Filter>
    </ClInclude>
    <ClInclude Include="includes\func_defs.hpp">
      <Filter>Source Files\includes</Filter>
    </ClInclude>
    <ClInclude Include="includes\ia32.hpp">
      <Filter>Source Files\includes</Filter>
    </ClInclude>
    <ClInclude Include="includes\includes.h">
      <Filter>Source Files\includes</Filter>
    </ClInclude>
    <ClInclude Include="includes\structs.hpp">
      <Filter>Source Files\includes</Filter>
    </ClInclude>
  </ItemGroup>
  <ItemGroup>
    <MASM Include="utility\safety_net\safety_net_asm.asm">
      <Filter>Source Files\utility\safety_net</Filter>
    </MASM>
    <MASM Include="utility\general_asm.asm">
      <Filter>Source Files\utility</Filter>
    </MASM>
  </ItemGroup>
</Project>